// !$*UTF8*$!
{
	archiveVersion = 1;
	classes = {
	};
	objectVersion = 54;
	objects = {

/* Begin PBXBuildFile section */
		00E356F31AD99517003FC87E /* coffeAppLiveTests.m in Sources */ = {isa = PBXBuildFile; fileRef = 00E356F21AD99517003FC87E /* coffeAppLiveTests.m */; };
		0C80B921A6F3F58F76C31292 /* libPods-coffeAppLive.a in Frameworks */ = {isa = PBXBuildFile; fileRef = 5DCACB8F33CDC322A6C60F78 /* libPods-coffeAppLive.a */; };
		13B07FBC1A68108700A75B9A /* AppDelegate.mm in Sources */ = {isa = PBXBuildFile; fileRef = 13B07FB01A68108700A75B9A /* AppDelegate.mm */; };
		13B07FBF1A68108700A75B9A /* Images.xcassets in Resources */ = {isa = PBXBuildFile; fileRef = 13B07FB51A68108700A75B9A /* Images.xcassets */; };
		13B07FC11A68108700A75B9A /* main.m in Sources */ = {isa = PBXBuildFile; fileRef = 13B07FB71A68108700A75B9A /* main.m */; };
		7699B88040F8A987B510C191 /* libPods-coffeAppLive-coffeAppLiveTests.a in Frameworks */ = {isa = PBXBuildFile; fileRef = 19F6CBCC0A4E27FBF8BF4A61 /* libPods-coffeAppLive-coffeAppLiveTests.a */; };
		81AB9BB82411601600AC10FF /* LaunchScreen.storyboard in Resources */ = {isa = PBXBuildFile; fileRef = 81AB9BB72411601600AC10FF /* LaunchScreen.storyboard */; };
		8A583688B5E24B1DB662D8FE /* americano_pic_1_portrait.png in Resources */ = {isa = PBXBuildFile; fileRef = E19651ADF82C49508A8E2569 /* americano_pic_1_portrait.png */; };
		21E9A749A88B4C1BBF169E72 /* americano_pic_2_portrait.png in Resources */ = {isa = PBXBuildFile; fileRef = 1C0868ABEFC846A2B1A7D6FE /* americano_pic_2_portrait.png */; };
		6607890F1C7F45BC9B7E0516 /* americano_pic_3_portrait.png in Resources */ = {isa = PBXBuildFile; fileRef = AD49566710AC4FFDA41A614F /* americano_pic_3_portrait.png */; };
		DC3AC9CC01014474879C966A /* americano_pic_1_square.png in Resources */ = {isa = PBXBuildFile; fileRef = 686F35248D174AAF9B41CB52 /* americano_pic_1_square.png */; };
		2BC111921F9D48C9936FD8A0 /* americano_pic_2_square.png in Resources */ = {isa = PBXBuildFile; fileRef = D9F8B19F277646379C858239 /* americano_pic_2_square.png */; };
		04118049A245425C8D375685 /* americano_pic_3_square.png in Resources */ = {isa = PBXBuildFile; fileRef = 63DDB925BB12407B951B244F /* americano_pic_3_square.png */; };
		80F6D9A1B36F40549BD3AD9B /* arabica_coffee_beans_portrait.png in Resources */ = {isa = PBXBuildFile; fileRef = 6675CBC412364FE291335C42 /* arabica_coffee_beans_portrait.png */; };
		D5823C6D5F0D4480AEB55CD5 /* arabica_coffee_beans_square.png in Resources */ = {isa = PBXBuildFile; fileRef = 3A5F0272F4074E3D843A1381 /* arabica_coffee_beans_square.png */; };
		48416F045A004C5F88CDEC3E /* black_coffee_pic_1_portrait.png in Resources */ = {isa = PBXBuildFile; fileRef = BD7F9D5D430A44CE93806AC1 /* black_coffee_pic_1_portrait.png */; };
		F40B201701E842E2B562B8A7 /* black_coffee_pic_2_portrait.png in Resources */ = {isa = PBXBuildFile; fileRef = ACFBB86AE9824649938B6918 /* black_coffee_pic_2_portrait.png */; };
		AA500B0B479C44D1A53EE38C /* black_coffee_pic_3_portrait.png in Resources */ = {isa = PBXBuildFile; fileRef = 38406D38319A4AD981555A64 /* black_coffee_pic_3_portrait.png */; };
		325BE7EC0A5045938AC46E11 /* black_coffee_pic_1_square.png in Resources */ = {isa = PBXBuildFile; fileRef = 05283CDF405948F9977F1385 /* black_coffee_pic_1_square.png */; };
		3E8B94BDDDCD494EBC1A1123 /* black_coffee_pic_2_square.png in Resources */ = {isa = PBXBuildFile; fileRef = 1B6B669449B348E4B51B91FD /* black_coffee_pic_2_square.png */; };
		F9E75B62AA734BD1A4A2CBE7 /* black_coffee_pic_3_square.png in Resources */ = {isa = PBXBuildFile; fileRef = 330573DDDE2949C5B9442DB0 /* black_coffee_pic_3_square.png */; };
		5E90F7DEB17E4607B59C39DE /* cappuccino_pic_1_portrait.png in Resources */ = {isa = PBXBuildFile; fileRef = 3272E57508E34B2A9F004A79 /* cappuccino_pic_1_portrait.png */; };
		5029B65F532E40F5A4D78155 /* cappuccino_pic_2_portrait.png in Resources */ = {isa = PBXBuildFile; fileRef = 3F7E0E379D614D42ACDE2243 /* cappuccino_pic_2_portrait.png */; };
		5B001E5F3934472195F40AD7 /* cappuccino_pic_3_portrait.png in Resources */ = {isa = PBXBuildFile; fileRef = 1C9B73B77F2242C1B37E1360 /* cappuccino_pic_3_portrait.png */; };
		0F5B3C97C84A48B19DD654DE /* cappuccino_pic_1_square.png in Resources */ = {isa = PBXBuildFile; fileRef = DF8C926BA1004953958AB9E6 /* cappuccino_pic_1_square.png */; };
		7CC075308C9347E2A9E07100 /* cappuccino_pic_2_square.png in Resources */ = {isa = PBXBuildFile; fileRef = 6380AD4AFC194AAE80B56EC8 /* cappuccino_pic_2_square.png */; };
		3D17682409424917914F3725 /* cappuccino_pic_3_square.png in Resources */ = {isa = PBXBuildFile; fileRef = F43FB9F98881467B9F265205 /* cappuccino_pic_3_square.png */; };
		1D30DA66131C46A28187AE7E /* espresso_pic_1_portrait (2).png in Resources */ = {isa = PBXBuildFile; fileRef = 8DCAA9B69F204295BCE0FA13 /* espresso_pic_1_portrait (2).png */; };
		1550891270F64842A2FBBF9F /* espresso_pic_2_portrait.png in Resources */ = {isa = PBXBuildFile; fileRef = 0E82827FB4374754AE9DEBB4 /* espresso_pic_2_portrait.png */; };
		106135CD214E48B0AB312B7D /* espresso_pic_3_portrait.png in Resources */ = {isa = PBXBuildFile; fileRef = B54FAFA95A4348338F4A17D7 /* espresso_pic_3_portrait.png */; };
		4AEC988E948643A9AE425A01 /* espresso_pic_1_square.png in Resources */ = {isa = PBXBuildFile; fileRef = 68B240833A2B42DD8F3871AF /* espresso_pic_1_square.png */; };
		99F7FEC82F7A42D28E88F830 /* espresso_pic_2_square.png in Resources */ = {isa = PBXBuildFile; fileRef = 60599DCD6E9C4E3FAAF64660 /* espresso_pic_2_square.png */; };
		CBD308C80691431CBE3B4270 /* espresso_pic_3_square.png in Resources */ = {isa = PBXBuildFile; fileRef = CBC24168304349CBA2E00569 /* espresso_pic_3_square.png */; };
		C579BAD84AB0415DB1A9B9DB /* excelsa_coffee_beans_portrait.png in Resources */ = {isa = PBXBuildFile; fileRef = B71859AAB21547B7B68A48CE /* excelsa_coffee_beans_portrait.png */; };
		8BAC195BDAE94D3FBE62F7F0 /* excelsa_coffee_beans_square.png in Resources */ = {isa = PBXBuildFile; fileRef = 7C110BC2CA864950BBC26366 /* excelsa_coffee_beans_square.png */; };
		1D93CA442D27406591329ED6 /* latte_pic_1_portrait.png in Resources */ = {isa = PBXBuildFile; fileRef = C345330FB888444189801610 /* latte_pic_1_portrait.png */; };
		548E30C706E8407AB7716CDB /* latte_pic_2_portrait.png in Resources */ = {isa = PBXBuildFile; fileRef = 68FD5E69D2C94E3F9AA27DF0 /* latte_pic_2_portrait.png */; };
		5CC95D75CF8247A48B0EE590 /* latte_pic_3_portrait.png in Resources */ = {isa = PBXBuildFile; fileRef = A2AD5FDC961143EE9C38A7F7 /* latte_pic_3_portrait.png */; };
		772E4EE9D5814B77AA5A61A5 /* latte_pic_1_square.png in Resources */ = {isa = PBXBuildFile; fileRef = CE91279890454B8CB2AF10EF /* latte_pic_1_square.png */; };
		78CFDC576E4A483BAD189504 /* latte_pic_2_square.png in Resources */ = {isa = PBXBuildFile; fileRef = ECEF3F22198B471A93541BBD /* latte_pic_2_square.png */; };
		9CE91AEBD5CC4B88BB5992E6 /* latte_pic_3_square.png in Resources */ = {isa = PBXBuildFile; fileRef = E2FD34E88BDA41F7A5A82296 /* latte_pic_3_square.png */; };
		50E55E168B0F47AFA86FD01D /* liberica_coffee_beans_portrait.png in Resources */ = {isa = PBXBuildFile; fileRef = 8236D4A0C5AB4C2E981ACB13 /* liberica_coffee_beans_portrait.png */; };
		DB32FD3D33354E1190826F50 /* liberica_coffee_beans_square.png in Resources */ = {isa = PBXBuildFile; fileRef = ECEB52433AE14BCD99C5B0EF /* liberica_coffee_beans_square.png */; };
		DCF5D566867B4307B449BF9B /* macchiato_pic_1_portrait.png in Resources */ = {isa = PBXBuildFile; fileRef = A1437CE1646B4DC9AEBFC185 /* macchiato_pic_1_portrait.png */; };
		FF2F80BEBC9B433A957E11EB /* macchiato_pic_2_portrait.png in Resources */ = {isa = PBXBuildFile; fileRef = 19D6E9D9030441BFB8C2D037 /* macchiato_pic_2_portrait.png */; };
		A415912E3B444B3EB9A87B35 /* macchiato_pic_3_portrait.png in Resources */ = {isa = PBXBuildFile; fileRef = DE501DBA1D4B4F3FA2FAFE9A /* macchiato_pic_3_portrait.png */; };
		4576FD4C247D45888E0BF416 /* macchiato_pic_1_square.png in Resources */ = {isa = PBXBuildFile; fileRef = 921AB2602C4E411293ECB466 /* macchiato_pic_1_square.png */; };
		1706EA930F5F42E6832DD9AA /* macchiato_pic_2_square.png in Resources */ = {isa = PBXBuildFile; fileRef = 2030A6A07DE64E8C9704A093 /* macchiato_pic_2_square.png */; };
		077753E696C84E8DA313506B /* macchiato_pic_3_square.png in Resources */ = {isa = PBXBuildFile; fileRef = FF42BE77567743C1B3458AA6 /* macchiato_pic_3_square.png */; };
		3A3BD8B88E9A4251945F4FA5 /* robusta_coffee_beans_portrait.png in Resources */ = {isa = PBXBuildFile; fileRef = E3F4AD0FD9D9488FAC1B699E /* robusta_coffee_beans_portrait.png */; };
		A6EA5AFD7C594CFA8E4799B8 /* robusta_coffee_beans_square.png in Resources */ = {isa = PBXBuildFile; fileRef = 3692D4F87DD046F390D0163D /* robusta_coffee_beans_square.png */; };
/* End PBXBuildFile section */

/* Begin PBXContainerItemProxy section */
		00E356F41AD99517003FC87E /* PBXContainerItemProxy */ = {
			isa = PBXContainerItemProxy;
			containerPortal = 83CBB9F71A601CBA00E9B192 /* Project object */;
			proxyType = 1;
			remoteGlobalIDString = 13B07F861A680F5B00A75B9A;
			remoteInfo = coffeAppLive;
		};
/* End PBXContainerItemProxy section */

/* Begin PBXFileReference section */
		00E356EE1AD99517003FC87E /* coffeAppLiveTests.xctest */ = {isa = PBXFileReference; explicitFileType = wrapper.cfbundle; includeInIndex = 0; path = coffeAppLiveTests.xctest; sourceTree = BUILT_PRODUCTS_DIR; };
		00E356F11AD99517003FC87E /* Info.plist */ = {isa = PBXFileReference; lastKnownFileType = text.plist.xml; path = Info.plist; sourceTree = "<group>"; };
		00E356F21AD99517003FC87E /* coffeAppLiveTests.m */ = {isa = PBXFileReference; lastKnownFileType = sourcecode.c.objc; path = coffeAppLiveTests.m; sourceTree = "<group>"; };
		13B07F961A680F5B00A75B9A /* coffeAppLive.app */ = {isa = PBXFileReference; explicitFileType = wrapper.application; includeInIndex = 0; path = coffeAppLive.app; sourceTree = BUILT_PRODUCTS_DIR; };
		13B07FAF1A68108700A75B9A /* AppDelegate.h */ = {isa = PBXFileReference; fileEncoding = 4; lastKnownFileType = sourcecode.c.h; name = AppDelegate.h; path = coffeAppLive/AppDelegate.h; sourceTree = "<group>"; };
		13B07FB01A68108700A75B9A /* AppDelegate.mm */ = {isa = PBXFileReference; fileEncoding = 4; lastKnownFileType = sourcecode.cpp.objcpp; name = AppDelegate.mm; path = coffeAppLive/AppDelegate.mm; sourceTree = "<group>"; };
		13B07FB51A68108700A75B9A /* Images.xcassets */ = {isa = PBXFileReference; lastKnownFileType = folder.assetcatalog; name = Images.xcassets; path = coffeAppLive/Images.xcassets; sourceTree = "<group>"; };
		13B07FB61A68108700A75B9A /* Info.plist */ = {isa = PBXFileReference; fileEncoding = 4; lastKnownFileType = text.plist.xml; name = Info.plist; path = coffeAppLive/Info.plist; sourceTree = "<group>"; };
		13B07FB71A68108700A75B9A /* main.m */ = {isa = PBXFileReference; fileEncoding = 4; lastKnownFileType = sourcecode.c.objc; name = main.m; path = coffeAppLive/main.m; sourceTree = "<group>"; };
		19F6CBCC0A4E27FBF8BF4A61 /* libPods-coffeAppLive-coffeAppLiveTests.a */ = {isa = PBXFileReference; explicitFileType = archive.ar; includeInIndex = 0; path = "libPods-coffeAppLive-coffeAppLiveTests.a"; sourceTree = BUILT_PRODUCTS_DIR; };
		3B4392A12AC88292D35C810B /* Pods-coffeAppLive.debug.xcconfig */ = {isa = PBXFileReference; includeInIndex = 1; lastKnownFileType = text.xcconfig; name = "Pods-coffeAppLive.debug.xcconfig"; path = "Target Support Files/Pods-coffeAppLive/Pods-coffeAppLive.debug.xcconfig"; sourceTree = "<group>"; };
		5709B34CF0A7D63546082F79 /* Pods-coffeAppLive.release.xcconfig */ = {isa = PBXFileReference; includeInIndex = 1; lastKnownFileType = text.xcconfig; name = "Pods-coffeAppLive.release.xcconfig"; path = "Target Support Files/Pods-coffeAppLive/Pods-coffeAppLive.release.xcconfig"; sourceTree = "<group>"; };
		5B7EB9410499542E8C5724F5 /* Pods-coffeAppLive-coffeAppLiveTests.debug.xcconfig */ = {isa = PBXFileReference; includeInIndex = 1; lastKnownFileType = text.xcconfig; name = "Pods-coffeAppLive-coffeAppLiveTests.debug.xcconfig"; path = "Target Support Files/Pods-coffeAppLive-coffeAppLiveTests/Pods-coffeAppLive-coffeAppLiveTests.debug.xcconfig"; sourceTree = "<group>"; };
		5DCACB8F33CDC322A6C60F78 /* libPods-coffeAppLive.a */ = {isa = PBXFileReference; explicitFileType = archive.ar; includeInIndex = 0; path = "libPods-coffeAppLive.a"; sourceTree = BUILT_PRODUCTS_DIR; };
		81AB9BB72411601600AC10FF /* LaunchScreen.storyboard */ = {isa = PBXFileReference; fileEncoding = 4; lastKnownFileType = file.storyboard; name = LaunchScreen.storyboard; path = coffeAppLive/LaunchScreen.storyboard; sourceTree = "<group>"; };
		89C6BE57DB24E9ADA2F236DE /* Pods-coffeAppLive-coffeAppLiveTests.release.xcconfig */ = {isa = PBXFileReference; includeInIndex = 1; lastKnownFileType = text.xcconfig; name = "Pods-coffeAppLive-coffeAppLiveTests.release.xcconfig"; path = "Target Support Files/Pods-coffeAppLive-coffeAppLiveTests/Pods-coffeAppLive-coffeAppLiveTests.release.xcconfig"; sourceTree = "<group>"; };
		ED297162215061F000B7C4FE /* JavaScriptCore.framework */ = {isa = PBXFileReference; lastKnownFileType = wrapper.framework; name = JavaScriptCore.framework; path = System/Library/Frameworks/JavaScriptCore.framework; sourceTree = SDKROOT; };
		E19651ADF82C49508A8E2569 /* americano_pic_1_portrait.png */ = {isa = PBXFileReference; name = "americano_pic_1_portrait.png"; path = "../src/assets/coffe_assets/americano/portrait/americano_pic_1_portrait.png"; sourceTree = "<group>"; fileEncoding = undefined; lastKnownFileType = unknown; explicitFileType = undefined; includeInIndex = 0; };
		1C0868ABEFC846A2B1A7D6FE /* americano_pic_2_portrait.png */ = {isa = PBXFileReference; name = "americano_pic_2_portrait.png"; path = "../src/assets/coffe_assets/americano/portrait/americano_pic_2_portrait.png"; sourceTree = "<group>"; fileEncoding = undefined; lastKnownFileType = unknown; explicitFileType = undefined; includeInIndex = 0; };
		AD49566710AC4FFDA41A614F /* americano_pic_3_portrait.png */ = {isa = PBXFileReference; name = "americano_pic_3_portrait.png"; path = "../src/assets/coffe_assets/americano/portrait/americano_pic_3_portrait.png"; sourceTree = "<group>"; fileEncoding = undefined; lastKnownFileType = unknown; explicitFileType = undefined; includeInIndex = 0; };
		686F35248D174AAF9B41CB52 /* americano_pic_1_square.png */ = {isa = PBXFileReference; name = "americano_pic_1_square.png"; path = "../src/assets/coffe_assets/americano/square/americano_pic_1_square.png"; sourceTree = "<group>"; fileEncoding = undefined; lastKnownFileType = unknown; explicitFileType = undefined; includeInIndex = 0; };
		D9F8B19F277646379C858239 /* americano_pic_2_square.png */ = {isa = PBXFileReference; name = "americano_pic_2_square.png"; path = "../src/assets/coffe_assets/americano/square/americano_pic_2_square.png"; sourceTree = "<group>"; fileEncoding = undefined; lastKnownFileType = unknown; explicitFileType = undefined; includeInIndex = 0; };
		63DDB925BB12407B951B244F /* americano_pic_3_square.png */ = {isa = PBXFileReference; name = "americano_pic_3_square.png"; path = "../src/assets/coffe_assets/americano/square/americano_pic_3_square.png"; sourceTree = "<group>"; fileEncoding = undefined; lastKnownFileType = unknown; explicitFileType = undefined; includeInIndex = 0; };
		6675CBC412364FE291335C42 /* arabica_coffee_beans_portrait.png */ = {isa = PBXFileReference; name = "arabica_coffee_beans_portrait.png"; path = "../src/assets/coffe_assets/arabica_coffe_beans/arabica_coffee_beans_portrait.png"; sourceTree = "<group>"; fileEncoding = undefined; lastKnownFileType = unknown; explicitFileType = undefined; includeInIndex = 0; };
		3A5F0272F4074E3D843A1381 /* arabica_coffee_beans_square.png */ = {isa = PBXFileReference; name = "arabica_coffee_beans_square.png"; path = "../src/assets/coffe_assets/arabica_coffe_beans/arabica_coffee_beans_square.png"; sourceTree = "<group>"; fileEncoding = undefined; lastKnownFileType = unknown; explicitFileType = undefined; includeInIndex = 0; };
		BD7F9D5D430A44CE93806AC1 /* black_coffee_pic_1_portrait.png */ = {isa = PBXFileReference; name = "black_coffee_pic_1_portrait.png"; path = "../src/assets/coffe_assets/black_coffe/portrait/black_coffee_pic_1_portrait.png"; sourceTree = "<group>"; fileEncoding = undefined; lastKnownFileType = unknown; explicitFileType = undefined; includeInIndex = 0; };
		ACFBB86AE9824649938B6918 /* black_coffee_pic_2_portrait.png */ = {isa = PBXFileReference; name = "black_coffee_pic_2_portrait.png"; path = "../src/assets/coffe_assets/black_coffe/portrait/black_coffee_pic_2_portrait.png"; sourceTree = "<group>"; fileEncoding = undefined; lastKnownFileType = unknown; explicitFileType = undefined; includeInIndex = 0; };
		38406D38319A4AD981555A64 /* black_coffee_pic_3_portrait.png */ = {isa = PBXFileReference; name = "black_coffee_pic_3_portrait.png"; path = "../src/assets/coffe_assets/black_coffe/portrait/black_coffee_pic_3_portrait.png"; sourceTree = "<group>"; fileEncoding = undefined; lastKnownFileType = unknown; explicitFileType = undefined; includeInIndex = 0; };
		05283CDF405948F9977F1385 /* black_coffee_pic_1_square.png */ = {isa = PBXFileReference; name = "black_coffee_pic_1_square.png"; path = "../src/assets/coffe_assets/black_coffe/square/black_coffee_pic_1_square.png"; sourceTree = "<group>"; fileEncoding = undefined; lastKnownFileType = unknown; explicitFileType = undefined; includeInIndex = 0; };
		1B6B669449B348E4B51B91FD /* black_coffee_pic_2_square.png */ = {isa = PBXFileReference; name = "black_coffee_pic_2_square.png"; path = "../src/assets/coffe_assets/black_coffe/square/black_coffee_pic_2_square.png"; sourceTree = "<group>"; fileEncoding = undefined; lastKnownFileType = unknown; explicitFileType = undefined; includeInIndex = 0; };
		330573DDDE2949C5B9442DB0 /* black_coffee_pic_3_square.png */ = {isa = PBXFileReference; name = "black_coffee_pic_3_square.png"; path = "../src/assets/coffe_assets/black_coffe/square/black_coffee_pic_3_square.png"; sourceTree = "<group>"; fileEncoding = undefined; lastKnownFileType = unknown; explicitFileType = undefined; includeInIndex = 0; };
		3272E57508E34B2A9F004A79 /* cappuccino_pic_1_portrait.png */ = {isa = PBXFileReference; name = "cappuccino_pic_1_portrait.png"; path = "../src/assets/coffe_assets/cappuccino/portrait/cappuccino_pic_1_portrait.png"; sourceTree = "<group>"; fileEncoding = undefined; lastKnownFileType = unknown; explicitFileType = undefined; includeInIndex = 0; };
		3F7E0E379D614D42ACDE2243 /* cappuccino_pic_2_portrait.png */ = {isa = PBXFileReference; name = "cappuccino_pic_2_portrait.png"; path = "../src/assets/coffe_assets/cappuccino/portrait/cappuccino_pic_2_portrait.png"; sourceTree = "<group>"; fileEncoding = undefined; lastKnownFileType = unknown; explicitFileType = undefined; includeInIndex = 0; };
		1C9B73B77F2242C1B37E1360 /* cappuccino_pic_3_portrait.png */ = {isa = PBXFileReference; name = "cappuccino_pic_3_portrait.png"; path = "../src/assets/coffe_assets/cappuccino/portrait/cappuccino_pic_3_portrait.png"; sourceTree = "<group>"; fileEncoding = undefined; lastKnownFileType = unknown; explicitFileType = undefined; includeInIndex = 0; };
		DF8C926BA1004953958AB9E6 /* cappuccino_pic_1_square.png */ = {isa = PBXFileReference; name = "cappuccino_pic_1_square.png"; path = "../src/assets/coffe_assets/cappuccino/square/cappuccino_pic_1_square.png"; sourceTree = "<group>"; fileEncoding = undefined; lastKnownFileType = unknown; explicitFileType = undefined; includeInIndex = 0; };
		6380AD4AFC194AAE80B56EC8 /* cappuccino_pic_2_square.png */ = {isa = PBXFileReference; name = "cappuccino_pic_2_square.png"; path = "../src/assets/coffe_assets/cappuccino/square/cappuccino_pic_2_square.png"; sourceTree = "<group>"; fileEncoding = undefined; lastKnownFileType = unknown; explicitFileType = undefined; includeInIndex = 0; };
		F43FB9F98881467B9F265205 /* cappuccino_pic_3_square.png */ = {isa = PBXFileReference; name = "cappuccino_pic_3_square.png"; path = "../src/assets/coffe_assets/cappuccino/square/cappuccino_pic_3_square.png"; sourceTree = "<group>"; fileEncoding = undefined; lastKnownFileType = unknown; explicitFileType = undefined; includeInIndex = 0; };
		8DCAA9B69F204295BCE0FA13 /* espresso_pic_1_portrait (2).png */ = {isa = PBXFileReference; name = "espresso_pic_1_portrait (2).png"; path = "../src/assets/coffe_assets/espresso/portrait/espresso_pic_1_portrait (2).png"; sourceTree = "<group>"; fileEncoding = undefined; lastKnownFileType = unknown; explicitFileType = undefined; includeInIndex = 0; };
		0E82827FB4374754AE9DEBB4 /* espresso_pic_2_portrait.png */ = {isa = PBXFileReference; name = "espresso_pic_2_portrait.png"; path = "../src/assets/coffe_assets/espresso/portrait/espresso_pic_2_portrait.png"; sourceTree = "<group>"; fileEncoding = undefined; lastKnownFileType = unknown; explicitFileType = undefined; includeInIndex = 0; };
		B54FAFA95A4348338F4A17D7 /* espresso_pic_3_portrait.png */ = {isa = PBXFileReference; name = "espresso_pic_3_portrait.png"; path = "../src/assets/coffe_assets/espresso/portrait/espresso_pic_3_portrait.png"; sourceTree = "<group>"; fileEncoding = undefined; lastKnownFileType = unknown; explicitFileType = undefined; includeInIndex = 0; };
		68B240833A2B42DD8F3871AF /* espresso_pic_1_square.png */ = {isa = PBXFileReference; name = "espresso_pic_1_square.png"; path = "../src/assets/coffe_assets/espresso/square/espresso_pic_1_square.png"; sourceTree = "<group>"; fileEncoding = undefined; lastKnownFileType = unknown; explicitFileType = undefined; includeInIndex = 0; };
		60599DCD6E9C4E3FAAF64660 /* espresso_pic_2_square.png */ = {isa = PBXFileReference; name = "espresso_pic_2_square.png"; path = "../src/assets/coffe_assets/espresso/square/espresso_pic_2_square.png"; sourceTree = "<group>"; fileEncoding = undefined; lastKnownFileType = unknown; explicitFileType = undefined; includeInIndex = 0; };
		CBC24168304349CBA2E00569 /* espresso_pic_3_square.png */ = {isa = PBXFileReference; name = "espresso_pic_3_square.png"; path = "../src/assets/coffe_assets/espresso/square/espresso_pic_3_square.png"; sourceTree = "<group>"; fileEncoding = undefined; lastKnownFileType = unknown; explicitFileType = undefined; includeInIndex = 0; };
		B71859AAB21547B7B68A48CE /* excelsa_coffee_beans_portrait.png */ = {isa = PBXFileReference; name = "excelsa_coffee_beans_portrait.png"; path = "../src/assets/coffe_assets/excelsa_coffe_beans/excelsa_coffee_beans_portrait.png"; sourceTree = "<group>"; fileEncoding = undefined; lastKnownFileType = unknown; explicitFileType = undefined; includeInIndex = 0; };
		7C110BC2CA864950BBC26366 /* excelsa_coffee_beans_square.png */ = {isa = PBXFileReference; name = "excelsa_coffee_beans_square.png"; path = "../src/assets/coffe_assets/excelsa_coffe_beans/excelsa_coffee_beans_square.png"; sourceTree = "<group>"; fileEncoding = undefined; lastKnownFileType = unknown; explicitFileType = undefined; includeInIndex = 0; };
		C345330FB888444189801610 /* latte_pic_1_portrait.png */ = {isa = PBXFileReference; name = "latte_pic_1_portrait.png"; path = "../src/assets/coffe_assets/latte/portrait/latte_pic_1_portrait.png"; sourceTree = "<group>"; fileEncoding = undefined; lastKnownFileType = unknown; explicitFileType = undefined; includeInIndex = 0; };
		68FD5E69D2C94E3F9AA27DF0 /* latte_pic_2_portrait.png */ = {isa = PBXFileReference; name = "latte_pic_2_portrait.png"; path = "../src/assets/coffe_assets/latte/portrait/latte_pic_2_portrait.png"; sourceTree = "<group>"; fileEncoding = undefined; lastKnownFileType = unknown; explicitFileType = undefined; includeInIndex = 0; };
		A2AD5FDC961143EE9C38A7F7 /* latte_pic_3_portrait.png */ = {isa = PBXFileReference; name = "latte_pic_3_portrait.png"; path = "../src/assets/coffe_assets/latte/portrait/latte_pic_3_portrait.png"; sourceTree = "<group>"; fileEncoding = undefined; lastKnownFileType = unknown; explicitFileType = undefined; includeInIndex = 0; };
		CE91279890454B8CB2AF10EF /* latte_pic_1_square.png */ = {isa = PBXFileReference; name = "latte_pic_1_square.png"; path = "../src/assets/coffe_assets/latte/square/latte_pic_1_square.png"; sourceTree = "<group>"; fileEncoding = undefined; lastKnownFileType = unknown; explicitFileType = undefined; includeInIndex = 0; };
		ECEF3F22198B471A93541BBD /* latte_pic_2_square.png */ = {isa = PBXFileReference; name = "latte_pic_2_square.png"; path = "../src/assets/coffe_assets/latte/square/latte_pic_2_square.png"; sourceTree = "<group>"; fileEncoding = undefined; lastKnownFileType = unknown; explicitFileType = undefined; includeInIndex = 0; };
		E2FD34E88BDA41F7A5A82296 /* latte_pic_3_square.png */ = {isa = PBXFileReference; name = "latte_pic_3_square.png"; path = "../src/assets/coffe_assets/latte/square/latte_pic_3_square.png"; sourceTree = "<group>"; fileEncoding = undefined; lastKnownFileType = unknown; explicitFileType = undefined; includeInIndex = 0; };
		8236D4A0C5AB4C2E981ACB13 /* liberica_coffee_beans_portrait.png */ = {isa = PBXFileReference; name = "liberica_coffee_beans_portrait.png"; path = "../src/assets/coffe_assets/liberia_coffe_beans/liberica_coffee_beans_portrait.png"; sourceTree = "<group>"; fileEncoding = undefined; lastKnownFileType = unknown; explicitFileType = undefined; includeInIndex = 0; };
		ECEB52433AE14BCD99C5B0EF /* liberica_coffee_beans_square.png */ = {isa = PBXFileReference; name = "liberica_coffee_beans_square.png"; path = "../src/assets/coffe_assets/liberia_coffe_beans/liberica_coffee_beans_square.png"; sourceTree = "<group>"; fileEncoding = undefined; lastKnownFileType = unknown; explicitFileType = undefined; includeInIndex = 0; };
		A1437CE1646B4DC9AEBFC185 /* macchiato_pic_1_portrait.png */ = {isa = PBXFileReference; name = "macchiato_pic_1_portrait.png"; path = "../src/assets/coffe_assets/macchiato/portrait/macchiato_pic_1_portrait.png"; sourceTree = "<group>"; fileEncoding = undefined; lastKnownFileType = unknown; explicitFileType = undefined; includeInIndex = 0; };
		19D6E9D9030441BFB8C2D037 /* macchiato_pic_2_portrait.png */ = {isa = PBXFileReference; name = "macchiato_pic_2_portrait.png"; path = "../src/assets/coffe_assets/macchiato/portrait/macchiato_pic_2_portrait.png"; sourceTree = "<group>"; fileEncoding = undefined; lastKnownFileType = unknown; explicitFileType = undefined; includeInIndex = 0; };
		DE501DBA1D4B4F3FA2FAFE9A /* macchiato_pic_3_portrait.png */ = {isa = PBXFileReference; name = "macchiato_pic_3_portrait.png"; path = "../src/assets/coffe_assets/macchiato/portrait/macchiato_pic_3_portrait.png"; sourceTree = "<group>"; fileEncoding = undefined; lastKnownFileType = unknown; explicitFileType = undefined; includeInIndex = 0; };
		921AB2602C4E411293ECB466 /* macchiato_pic_1_square.png */ = {isa = PBXFileReference; name = "macchiato_pic_1_square.png"; path = "../src/assets/coffe_assets/macchiato/square/macchiato_pic_1_square.png"; sourceTree = "<group>"; fileEncoding = undefined; lastKnownFileType = unknown; explicitFileType = undefined; includeInIndex = 0; };
		2030A6A07DE64E8C9704A093 /* macchiato_pic_2_square.png */ = {isa = PBXFileReference; name = "macchiato_pic_2_square.png"; path = "../src/assets/coffe_assets/macchiato/square/macchiato_pic_2_square.png"; sourceTree = "<group>"; fileEncoding = undefined; lastKnownFileType = unknown; explicitFileType = undefined; includeInIndex = 0; };
		FF42BE77567743C1B3458AA6 /* macchiato_pic_3_square.png */ = {isa = PBXFileReference; name = "macchiato_pic_3_square.png"; path = "../src/assets/coffe_assets/macchiato/square/macchiato_pic_3_square.png"; sourceTree = "<group>"; fileEncoding = undefined; lastKnownFileType = unknown; explicitFileType = undefined; includeInIndex = 0; };
		E3F4AD0FD9D9488FAC1B699E /* robusta_coffee_beans_portrait.png */ = {isa = PBXFileReference; name = "robusta_coffee_beans_portrait.png"; path = "../src/assets/coffe_assets/robusta_coffee_beans/robusta_coffee_beans_portrait.png"; sourceTree = "<group>"; fileEncoding = undefined; lastKnownFileType = unknown; explicitFileType = undefined; includeInIndex = 0; };
		3692D4F87DD046F390D0163D /* robusta_coffee_beans_square.png */ = {isa = PBXFileReference; name = "robusta_coffee_beans_square.png"; path = "../src/assets/coffe_assets/robusta_coffee_beans/robusta_coffee_beans_square.png"; sourceTree = "<group>"; fileEncoding = undefined; lastKnownFileType = unknown; explicitFileType = undefined; includeInIndex = 0; };
/* End PBXFileReference section */

/* Begin PBXFrameworksBuildPhase section */
		00E356EB1AD99517003FC87E /* Frameworks */ = {
			isa = PBXFrameworksBuildPhase;
			buildActionMask = 2147483647;
			files = (
				7699B88040F8A987B510C191 /* libPods-coffeAppLive-coffeAppLiveTests.a in Frameworks */,
			);
			runOnlyForDeploymentPostprocessing = 0;
		};
		13B07F8C1A680F5B00A75B9A /* Frameworks */ = {
			isa = PBXFrameworksBuildPhase;
			buildActionMask = 2147483647;
			files = (
				0C80B921A6F3F58F76C31292 /* libPods-coffeAppLive.a in Frameworks */,
			);
			runOnlyForDeploymentPostprocessing = 0;
		};
/* End PBXFrameworksBuildPhase section */

/* Begin PBXGroup section */
		00E356EF1AD99517003FC87E /* coffeAppLiveTests */ = {
			isa = PBXGroup;
			children = (
				00E356F21AD99517003FC87E /* coffeAppLiveTests.m */,
				00E356F01AD99517003FC87E /* Supporting Files */,
			);
			path = coffeAppLiveTests;
			sourceTree = "<group>";
		};
		00E356F01AD99517003FC87E /* Supporting Files */ = {
			isa = PBXGroup;
			children = (
				00E356F11AD99517003FC87E /* Info.plist */,
			);
			name = "Supporting Files";
			sourceTree = "<group>";
		};
		13B07FAE1A68108700A75B9A /* coffeAppLive */ = {
			isa = PBXGroup;
			children = (
				13B07FAF1A68108700A75B9A /* AppDelegate.h */,
				13B07FB01A68108700A75B9A /* AppDelegate.mm */,
				13B07FB51A68108700A75B9A /* Images.xcassets */,
				13B07FB61A68108700A75B9A /* Info.plist */,
				81AB9BB72411601600AC10FF /* LaunchScreen.storyboard */,
				13B07FB71A68108700A75B9A /* main.m */,
			);
			name = coffeAppLive;
			sourceTree = "<group>";
		};
		2D16E6871FA4F8E400B85C8A /* Frameworks */ = {
			isa = PBXGroup;
			children = (
				ED297162215061F000B7C4FE /* JavaScriptCore.framework */,
				5DCACB8F33CDC322A6C60F78 /* libPods-coffeAppLive.a */,
				19F6CBCC0A4E27FBF8BF4A61 /* libPods-coffeAppLive-coffeAppLiveTests.a */,
			);
			name = Frameworks;
			sourceTree = "<group>";
		};
		832341AE1AAA6A7D00B99B32 /* Libraries */ = {
			isa = PBXGroup;
			children = (
			);
			name = Libraries;
			sourceTree = "<group>";
		};
		83CBB9F61A601CBA00E9B192 = {
			isa = PBXGroup;
			children = (
				13B07FAE1A68108700A75B9A /* coffeAppLive */,
				832341AE1AAA6A7D00B99B32 /* Libraries */,
				00E356EF1AD99517003FC87E /* coffeAppLiveTests */,
				83CBBA001A601CBA00E9B192 /* Products */,
				2D16E6871FA4F8E400B85C8A /* Frameworks */,
				BBD78D7AC51CEA395F1C20DB /* Pods */,
				0ADC15D4695D4EA0855DF816 /* Resources */,
			);
			indentWidth = 2;
			sourceTree = "<group>";
			tabWidth = 2;
			usesTabs = 0;
		};
		83CBBA001A601CBA00E9B192 /* Products */ = {
			isa = PBXGroup;
			children = (
				13B07F961A680F5B00A75B9A /* coffeAppLive.app */,
				00E356EE1AD99517003FC87E /* coffeAppLiveTests.xctest */,
			);
			name = Products;
			sourceTree = "<group>";
		};
		BBD78D7AC51CEA395F1C20DB /* Pods */ = {
			isa = PBXGroup;
			children = (
				3B4392A12AC88292D35C810B /* Pods-coffeAppLive.debug.xcconfig */,
				5709B34CF0A7D63546082F79 /* Pods-coffeAppLive.release.xcconfig */,
				5B7EB9410499542E8C5724F5 /* Pods-coffeAppLive-coffeAppLiveTests.debug.xcconfig */,
				89C6BE57DB24E9ADA2F236DE /* Pods-coffeAppLive-coffeAppLiveTests.release.xcconfig */,
			);
			path = Pods;
			sourceTree = "<group>";
		};
		0ADC15D4695D4EA0855DF816 /* Resources */ = {
			isa = "PBXGroup";
			children = (
				E19651ADF82C49508A8E2569 /* americano_pic_1_portrait.png */,
				1C0868ABEFC846A2B1A7D6FE /* americano_pic_2_portrait.png */,
				AD49566710AC4FFDA41A614F /* americano_pic_3_portrait.png */,
				686F35248D174AAF9B41CB52 /* americano_pic_1_square.png */,
				D9F8B19F277646379C858239 /* americano_pic_2_square.png */,
				63DDB925BB12407B951B244F /* americano_pic_3_square.png */,
				6675CBC412364FE291335C42 /* arabica_coffee_beans_portrait.png */,
				3A5F0272F4074E3D843A1381 /* arabica_coffee_beans_square.png */,
				BD7F9D5D430A44CE93806AC1 /* black_coffee_pic_1_portrait.png */,
				ACFBB86AE9824649938B6918 /* black_coffee_pic_2_portrait.png */,
				38406D38319A4AD981555A64 /* black_coffee_pic_3_portrait.png */,
				05283CDF405948F9977F1385 /* black_coffee_pic_1_square.png */,
				1B6B669449B348E4B51B91FD /* black_coffee_pic_2_square.png */,
				330573DDDE2949C5B9442DB0 /* black_coffee_pic_3_square.png */,
				3272E57508E34B2A9F004A79 /* cappuccino_pic_1_portrait.png */,
				3F7E0E379D614D42ACDE2243 /* cappuccino_pic_2_portrait.png */,
				1C9B73B77F2242C1B37E1360 /* cappuccino_pic_3_portrait.png */,
				DF8C926BA1004953958AB9E6 /* cappuccino_pic_1_square.png */,
				6380AD4AFC194AAE80B56EC8 /* cappuccino_pic_2_square.png */,
				F43FB9F98881467B9F265205 /* cappuccino_pic_3_square.png */,
				8DCAA9B69F204295BCE0FA13 /* espresso_pic_1_portrait (2).png */,
				0E82827FB4374754AE9DEBB4 /* espresso_pic_2_portrait.png */,
				B54FAFA95A4348338F4A17D7 /* espresso_pic_3_portrait.png */,
				68B240833A2B42DD8F3871AF /* espresso_pic_1_square.png */,
				60599DCD6E9C4E3FAAF64660 /* espresso_pic_2_square.png */,
				CBC24168304349CBA2E00569 /* espresso_pic_3_square.png */,
				B71859AAB21547B7B68A48CE /* excelsa_coffee_beans_portrait.png */,
				7C110BC2CA864950BBC26366 /* excelsa_coffee_beans_square.png */,
				C345330FB888444189801610 /* latte_pic_1_portrait.png */,
				68FD5E69D2C94E3F9AA27DF0 /* latte_pic_2_portrait.png */,
				A2AD5FDC961143EE9C38A7F7 /* latte_pic_3_portrait.png */,
				CE91279890454B8CB2AF10EF /* latte_pic_1_square.png */,
				ECEF3F22198B471A93541BBD /* latte_pic_2_square.png */,
				E2FD34E88BDA41F7A5A82296 /* latte_pic_3_square.png */,
				8236D4A0C5AB4C2E981ACB13 /* liberica_coffee_beans_portrait.png */,
				ECEB52433AE14BCD99C5B0EF /* liberica_coffee_beans_square.png */,
				A1437CE1646B4DC9AEBFC185 /* macchiato_pic_1_portrait.png */,
				19D6E9D9030441BFB8C2D037 /* macchiato_pic_2_portrait.png */,
				DE501DBA1D4B4F3FA2FAFE9A /* macchiato_pic_3_portrait.png */,
				921AB2602C4E411293ECB466 /* macchiato_pic_1_square.png */,
				2030A6A07DE64E8C9704A093 /* macchiato_pic_2_square.png */,
				FF42BE77567743C1B3458AA6 /* macchiato_pic_3_square.png */,
				E3F4AD0FD9D9488FAC1B699E /* robusta_coffee_beans_portrait.png */,
				3692D4F87DD046F390D0163D /* robusta_coffee_beans_square.png */,
			);
			name = Resources;
			sourceTree = "<group>";
			path = "";
		};
/* End PBXGroup section */

/* Begin PBXNativeTarget section */
		00E356ED1AD99517003FC87E /* coffeAppLiveTests */ = {
			isa = PBXNativeTarget;
			buildConfigurationList = 00E357021AD99517003FC87E /* Build configuration list for PBXNativeTarget "coffeAppLiveTests" */;
			buildPhases = (
				A55EABD7B0C7F3A422A6CC61 /* [CP] Check Pods Manifest.lock */,
				00E356EA1AD99517003FC87E /* Sources */,
				00E356EB1AD99517003FC87E /* Frameworks */,
				00E356EC1AD99517003FC87E /* Resources */,
				C59DA0FBD6956966B86A3779 /* [CP] Embed Pods Frameworks */,
				F6A41C54EA430FDDC6A6ED99 /* [CP] Copy Pods Resources */,
			);
			buildRules = (
			);
			dependencies = (
				00E356F51AD99517003FC87E /* PBXTargetDependency */,
			);
			name = coffeAppLiveTests;
			productName = coffeAppLiveTests;
			productReference = 00E356EE1AD99517003FC87E /* coffeAppLiveTests.xctest */;
			productType = "com.apple.product-type.bundle.unit-test";
		};
		13B07F861A680F5B00A75B9A /* coffeAppLive */ = {
			isa = PBXNativeTarget;
			buildConfigurationList = 13B07F931A680F5B00A75B9A /* Build configuration list for PBXNativeTarget "coffeAppLive" */;
			buildPhases = (
				C38B50BA6285516D6DCD4F65 /* [CP] Check Pods Manifest.lock */,
				13B07F871A680F5B00A75B9A /* Sources */,
				13B07F8C1A680F5B00A75B9A /* Frameworks */,
				13B07F8E1A680F5B00A75B9A /* Resources */,
				00DD1BFF1BD5951E006B06BC /* Bundle React Native code and images */,
				00EEFC60759A1932668264C0 /* [CP] Embed Pods Frameworks */,
				E235C05ADACE081382539298 /* [CP] Copy Pods Resources */,
			);
			buildRules = (
			);
			dependencies = (
			);
			name = coffeAppLive;
			productName = coffeAppLive;
			productReference = 13B07F961A680F5B00A75B9A /* coffeAppLive.app */;
			productType = "com.apple.product-type.application";
		};
/* End PBXNativeTarget section */

/* Begin PBXProject section */
		83CBB9F71A601CBA00E9B192 /* Project object */ = {
			isa = PBXProject;
			attributes = {
				LastUpgradeCheck = 1210;
				TargetAttributes = {
					00E356ED1AD99517003FC87E = {
						CreatedOnToolsVersion = 6.2;
						TestTargetID = 13B07F861A680F5B00A75B9A;
					};
					13B07F861A680F5B00A75B9A = {
						LastSwiftMigration = 1120;
					};
				};
			};
			buildConfigurationList = 83CBB9FA1A601CBA00E9B192 /* Build configuration list for PBXProject "coffeAppLive" */;
			compatibilityVersion = "Xcode 12.0";
			developmentRegion = en;
			hasScannedForEncodings = 0;
			knownRegions = (
				en,
				Base,
			);
			mainGroup = 83CBB9F61A601CBA00E9B192;
			productRefGroup = 83CBBA001A601CBA00E9B192 /* Products */;
			projectDirPath = "";
			projectRoot = "";
			targets = (
				13B07F861A680F5B00A75B9A /* coffeAppLive */,
				00E356ED1AD99517003FC87E /* coffeAppLiveTests */,
			);
		};
/* End PBXProject section */

/* Begin PBXResourcesBuildPhase section */
		00E356EC1AD99517003FC87E /* Resources */ = {
			isa = PBXResourcesBuildPhase;
			buildActionMask = 2147483647;
			files = (
			);
			runOnlyForDeploymentPostprocessing = 0;
		};
		13B07F8E1A680F5B00A75B9A /* Resources */ = {
			isa = PBXResourcesBuildPhase;
			buildActionMask = 2147483647;
			files = (
				81AB9BB82411601600AC10FF /* LaunchScreen.storyboard in Resources */,
				13B07FBF1A68108700A75B9A /* Images.xcassets in Resources */,
				8A583688B5E24B1DB662D8FE /* americano_pic_1_portrait.png in Resources */,
				21E9A749A88B4C1BBF169E72 /* americano_pic_2_portrait.png in Resources */,
				6607890F1C7F45BC9B7E0516 /* americano_pic_3_portrait.png in Resources */,
				DC3AC9CC01014474879C966A /* americano_pic_1_square.png in Resources */,
				2BC111921F9D48C9936FD8A0 /* americano_pic_2_square.png in Resources */,
				04118049A245425C8D375685 /* americano_pic_3_square.png in Resources */,
				80F6D9A1B36F40549BD3AD9B /* arabica_coffee_beans_portrait.png in Resources */,
				D5823C6D5F0D4480AEB55CD5 /* arabica_coffee_beans_square.png in Resources */,
				48416F045A004C5F88CDEC3E /* black_coffee_pic_1_portrait.png in Resources */,
				F40B201701E842E2B562B8A7 /* black_coffee_pic_2_portrait.png in Resources */,
				AA500B0B479C44D1A53EE38C /* black_coffee_pic_3_portrait.png in Resources */,
				325BE7EC0A5045938AC46E11 /* black_coffee_pic_1_square.png in Resources */,
				3E8B94BDDDCD494EBC1A1123 /* black_coffee_pic_2_square.png in Resources */,
				F9E75B62AA734BD1A4A2CBE7 /* black_coffee_pic_3_square.png in Resources */,
				5E90F7DEB17E4607B59C39DE /* cappuccino_pic_1_portrait.png in Resources */,
				5029B65F532E40F5A4D78155 /* cappuccino_pic_2_portrait.png in Resources */,
				5B001E5F3934472195F40AD7 /* cappuccino_pic_3_portrait.png in Resources */,
				0F5B3C97C84A48B19DD654DE /* cappuccino_pic_1_square.png in Resources */,
				7CC075308C9347E2A9E07100 /* cappuccino_pic_2_square.png in Resources */,
				3D17682409424917914F3725 /* cappuccino_pic_3_square.png in Resources */,
				1D30DA66131C46A28187AE7E /* espresso_pic_1_portrait (2).png in Resources */,
				1550891270F64842A2FBBF9F /* espresso_pic_2_portrait.png in Resources */,
				106135CD214E48B0AB312B7D /* espresso_pic_3_portrait.png in Resources */,
				4AEC988E948643A9AE425A01 /* espresso_pic_1_square.png in Resources */,
				99F7FEC82F7A42D28E88F830 /* espresso_pic_2_square.png in Resources */,
				CBD308C80691431CBE3B4270 /* espresso_pic_3_square.png in Resources */,
				C579BAD84AB0415DB1A9B9DB /* excelsa_coffee_beans_portrait.png in Resources */,
				8BAC195BDAE94D3FBE62F7F0 /* excelsa_coffee_beans_square.png in Resources */,
				1D93CA442D27406591329ED6 /* latte_pic_1_portrait.png in Resources */,
				548E30C706E8407AB7716CDB /* latte_pic_2_portrait.png in Resources */,
				5CC95D75CF8247A48B0EE590 /* latte_pic_3_portrait.png in Resources */,
				772E4EE9D5814B77AA5A61A5 /* latte_pic_1_square.png in Resources */,
				78CFDC576E4A483BAD189504 /* latte_pic_2_square.png in Resources */,
				9CE91AEBD5CC4B88BB5992E6 /* latte_pic_3_square.png in Resources */,
				50E55E168B0F47AFA86FD01D /* liberica_coffee_beans_portrait.png in Resources */,
				DB32FD3D33354E1190826F50 /* liberica_coffee_beans_square.png in Resources */,
				DCF5D566867B4307B449BF9B /* macchiato_pic_1_portrait.png in Resources */,
				FF2F80BEBC9B433A957E11EB /* macchiato_pic_2_portrait.png in Resources */,
				A415912E3B444B3EB9A87B35 /* macchiato_pic_3_portrait.png in Resources */,
				4576FD4C247D45888E0BF416 /* macchiato_pic_1_square.png in Resources */,
				1706EA930F5F42E6832DD9AA /* macchiato_pic_2_square.png in Resources */,
				077753E696C84E8DA313506B /* macchiato_pic_3_square.png in Resources */,
				3A3BD8B88E9A4251945F4FA5 /* robusta_coffee_beans_portrait.png in Resources */,
				A6EA5AFD7C594CFA8E4799B8 /* robusta_coffee_beans_square.png in Resources */,
			);
			runOnlyForDeploymentPostprocessing = 0;
		};
/* End PBXResourcesBuildPhase section */

/* Begin PBXShellScriptBuildPhase section */
		00DD1BFF1BD5951E006B06BC /* Bundle React Native code and images */ = {
			isa = PBXShellScriptBuildPhase;
			buildActionMask = 2147483647;
			files = (
			);
			inputPaths = (
				"$(SRCROOT)/.xcode.env.local",
				"$(SRCROOT)/.xcode.env",
			);
			name = "Bundle React Native code and images";
			outputPaths = (
			);
			runOnlyForDeploymentPostprocessing = 0;
			shellPath = /bin/sh;
			shellScript = "set -e\n\nWITH_ENVIRONMENT=\"../node_modules/react-native/scripts/xcode/with-environment.sh\"\nREACT_NATIVE_XCODE=\"../node_modules/react-native/scripts/react-native-xcode.sh\"\n\n/bin/sh -c \"$WITH_ENVIRONMENT $REACT_NATIVE_XCODE\"\n";
		};
		00EEFC60759A1932668264C0 /* [CP] Embed Pods Frameworks */ = {
			isa = PBXShellScriptBuildPhase;
			buildActionMask = 2147483647;
			files = (
			);
			inputFileListPaths = (
				"${PODS_ROOT}/Target Support Files/Pods-coffeAppLive/Pods-coffeAppLive-frameworks-${CONFIGURATION}-input-files.xcfilelist",
			);
			name = "[CP] Embed Pods Frameworks";
			outputFileListPaths = (
				"${PODS_ROOT}/Target Support Files/Pods-coffeAppLive/Pods-coffeAppLive-frameworks-${CONFIGURATION}-output-files.xcfilelist",
			);
			runOnlyForDeploymentPostprocessing = 0;
			shellPath = /bin/sh;
			shellScript = "\"${PODS_ROOT}/Target Support Files/Pods-coffeAppLive/Pods-coffeAppLive-frameworks.sh\"\n";
			showEnvVarsInLog = 0;
		};
		A55EABD7B0C7F3A422A6CC61 /* [CP] Check Pods Manifest.lock */ = {
			isa = PBXShellScriptBuildPhase;
			buildActionMask = 2147483647;
			files = (
			);
			inputFileListPaths = (
			);
			inputPaths = (
				"${PODS_PODFILE_DIR_PATH}/Podfile.lock",
				"${PODS_ROOT}/Manifest.lock",
			);
			name = "[CP] Check Pods Manifest.lock";
			outputFileListPaths = (
			);
			outputPaths = (
				"$(DERIVED_FILE_DIR)/Pods-coffeAppLive-coffeAppLiveTests-checkManifestLockResult.txt",
			);
			runOnlyForDeploymentPostprocessing = 0;
			shellPath = /bin/sh;
			shellScript = "diff \"${PODS_PODFILE_DIR_PATH}/Podfile.lock\" \"${PODS_ROOT}/Manifest.lock\" > /dev/null\nif [ $? != 0 ] ; then\n    # print error to STDERR\n    echo \"error: The sandbox is not in sync with the Podfile.lock. Run 'pod install' or update your CocoaPods installation.\" >&2\n    exit 1\nfi\n# This output is used by Xcode 'outputs' to avoid re-running this script phase.\necho \"SUCCESS\" > \"${SCRIPT_OUTPUT_FILE_0}\"\n";
			showEnvVarsInLog = 0;
		};
		C38B50BA6285516D6DCD4F65 /* [CP] Check Pods Manifest.lock */ = {
			isa = PBXShellScriptBuildPhase;
			buildActionMask = 2147483647;
			files = (
			);
			inputFileListPaths = (
			);
			inputPaths = (
				"${PODS_PODFILE_DIR_PATH}/Podfile.lock",
				"${PODS_ROOT}/Manifest.lock",
			);
			name = "[CP] Check Pods Manifest.lock";
			outputFileListPaths = (
			);
			outputPaths = (
				"$(DERIVED_FILE_DIR)/Pods-coffeAppLive-checkManifestLockResult.txt",
			);
			runOnlyForDeploymentPostprocessing = 0;
			shellPath = /bin/sh;
			shellScript = "diff \"${PODS_PODFILE_DIR_PATH}/Podfile.lock\" \"${PODS_ROOT}/Manifest.lock\" > /dev/null\nif [ $? != 0 ] ; then\n    # print error to STDERR\n    echo \"error: The sandbox is not in sync with the Podfile.lock. Run 'pod install' or update your CocoaPods installation.\" >&2\n    exit 1\nfi\n# This output is used by Xcode 'outputs' to avoid re-running this script phase.\necho \"SUCCESS\" > \"${SCRIPT_OUTPUT_FILE_0}\"\n";
			showEnvVarsInLog = 0;
		};
		C59DA0FBD6956966B86A3779 /* [CP] Embed Pods Frameworks */ = {
			isa = PBXShellScriptBuildPhase;
			buildActionMask = 2147483647;
			files = (
			);
			inputFileListPaths = (
				"${PODS_ROOT}/Target Support Files/Pods-coffeAppLive-coffeAppLiveTests/Pods-coffeAppLive-coffeAppLiveTests-frameworks-${CONFIGURATION}-input-files.xcfilelist",
			);
			name = "[CP] Embed Pods Frameworks";
			outputFileListPaths = (
				"${PODS_ROOT}/Target Support Files/Pods-coffeAppLive-coffeAppLiveTests/Pods-coffeAppLive-coffeAppLiveTests-frameworks-${CONFIGURATION}-output-files.xcfilelist",
			);
			runOnlyForDeploymentPostprocessing = 0;
			shellPath = /bin/sh;
			shellScript = "\"${PODS_ROOT}/Target Support Files/Pods-coffeAppLive-coffeAppLiveTests/Pods-coffeAppLive-coffeAppLiveTests-frameworks.sh\"\n";
			showEnvVarsInLog = 0;
		};
		E235C05ADACE081382539298 /* [CP] Copy Pods Resources */ = {
			isa = PBXShellScriptBuildPhase;
			buildActionMask = 2147483647;
			files = (
			);
			inputFileListPaths = (
				"${PODS_ROOT}/Target Support Files/Pods-coffeAppLive/Pods-coffeAppLive-resources-${CONFIGURATION}-input-files.xcfilelist",
			);
			name = "[CP] Copy Pods Resources";
			outputFileListPaths = (
				"${PODS_ROOT}/Target Support Files/Pods-coffeAppLive/Pods-coffeAppLive-resources-${CONFIGURATION}-output-files.xcfilelist",
			);
			runOnlyForDeploymentPostprocessing = 0;
			shellPath = /bin/sh;
			shellScript = "\"${PODS_ROOT}/Target Support Files/Pods-coffeAppLive/Pods-coffeAppLive-resources.sh\"\n";
			showEnvVarsInLog = 0;
		};
		F6A41C54EA430FDDC6A6ED99 /* [CP] Copy Pods Resources */ = {
			isa = PBXShellScriptBuildPhase;
			buildActionMask = 2147483647;
			files = (
			);
			inputFileListPaths = (
				"${PODS_ROOT}/Target Support Files/Pods-coffeAppLive-coffeAppLiveTests/Pods-coffeAppLive-coffeAppLiveTests-resources-${CONFIGURATION}-input-files.xcfilelist",
			);
			name = "[CP] Copy Pods Resources";
			outputFileListPaths = (
				"${PODS_ROOT}/Target Support Files/Pods-coffeAppLive-coffeAppLiveTests/Pods-coffeAppLive-coffeAppLiveTests-resources-${CONFIGURATION}-output-files.xcfilelist",
			);
			runOnlyForDeploymentPostprocessing = 0;
			shellPath = /bin/sh;
			shellScript = "\"${PODS_ROOT}/Target Support Files/Pods-coffeAppLive-coffeAppLiveTests/Pods-coffeAppLive-coffeAppLiveTests-resources.sh\"\n";
			showEnvVarsInLog = 0;
		};
/* End PBXShellScriptBuildPhase section */

/* Begin PBXSourcesBuildPhase section */
		00E356EA1AD99517003FC87E /* Sources */ = {
			isa = PBXSourcesBuildPhase;
			buildActionMask = 2147483647;
			files = (
				00E356F31AD99517003FC87E /* coffeAppLiveTests.m in Sources */,
			);
			runOnlyForDeploymentPostprocessing = 0;
		};
		13B07F871A680F5B00A75B9A /* Sources */ = {
			isa = PBXSourcesBuildPhase;
			buildActionMask = 2147483647;
			files = (
				13B07FBC1A68108700A75B9A /* AppDelegate.mm in Sources */,
				13B07FC11A68108700A75B9A /* main.m in Sources */,
			);
			runOnlyForDeploymentPostprocessing = 0;
		};
/* End PBXSourcesBuildPhase section */

/* Begin PBXTargetDependency section */
		00E356F51AD99517003FC87E /* PBXTargetDependency */ = {
			isa = PBXTargetDependency;
			target = 13B07F861A680F5B00A75B9A /* coffeAppLive */;
			targetProxy = 00E356F41AD99517003FC87E /* PBXContainerItemProxy */;
		};
/* End PBXTargetDependency section */

/* Begin XCBuildConfiguration section */
		00E356F61AD99517003FC87E /* Debug */ = {
			isa = XCBuildConfiguration;
			baseConfigurationReference = 5B7EB9410499542E8C5724F5 /* Pods-coffeAppLive-coffeAppLiveTests.debug.xcconfig */;
			buildSettings = {
				BUNDLE_LOADER = "$(TEST_HOST)";
				GCC_PREPROCESSOR_DEFINITIONS = (
					"DEBUG=1",
					"$(inherited)",
				);
				INFOPLIST_FILE = coffeAppLiveTests/Info.plist;
				IPHONEOS_DEPLOYMENT_TARGET = 13.4;
				LD_RUNPATH_SEARCH_PATHS = (
					"$(inherited)",
					"@executable_path/Frameworks",
					"@loader_path/Frameworks",
				);
				OTHER_LDFLAGS = (
					"-ObjC",
					"-lc++",
					"$(inherited)",
				);
				PRODUCT_BUNDLE_IDENTIFIER = "org.reactjs.native.example.$(PRODUCT_NAME:rfc1034identifier)";
				PRODUCT_NAME = "$(TARGET_NAME)";
				TEST_HOST = "$(BUILT_PRODUCTS_DIR)/coffeAppLive.app/coffeAppLive";
			};
			name = Debug;
		};
		00E356F71AD99517003FC87E /* Release */ = {
			isa = XCBuildConfiguration;
			baseConfigurationReference = 89C6BE57DB24E9ADA2F236DE /* Pods-coffeAppLive-coffeAppLiveTests.release.xcconfig */;
			buildSettings = {
				BUNDLE_LOADER = "$(TEST_HOST)";
				COPY_PHASE_STRIP = NO;
				INFOPLIST_FILE = coffeAppLiveTests/Info.plist;
				IPHONEOS_DEPLOYMENT_TARGET = 13.4;
				LD_RUNPATH_SEARCH_PATHS = (
					"$(inherited)",
					"@executable_path/Frameworks",
					"@loader_path/Frameworks",
				);
				OTHER_LDFLAGS = (
					"-ObjC",
					"-lc++",
					"$(inherited)",
				);
				PRODUCT_BUNDLE_IDENTIFIER = "org.reactjs.native.example.$(PRODUCT_NAME:rfc1034identifier)";
				PRODUCT_NAME = "$(TARGET_NAME)";
				TEST_HOST = "$(BUILT_PRODUCTS_DIR)/coffeAppLive.app/coffeAppLive";
			};
			name = Release;
		};
		13B07F941A680F5B00A75B9A /* Debug */ = {
			isa = XCBuildConfiguration;
			baseConfigurationReference = 3B4392A12AC88292D35C810B /* Pods-coffeAppLive.debug.xcconfig */;
			buildSettings = {
				ASSETCATALOG_COMPILER_APPICON_NAME = AppIcon;
				CLANG_ENABLE_MODULES = YES;
				CURRENT_PROJECT_VERSION = 1;
				ENABLE_BITCODE = NO;
				INFOPLIST_FILE = coffeAppLive/Info.plist;
				LD_RUNPATH_SEARCH_PATHS = (
					"$(inherited)",
					"@executable_path/Frameworks",
				);
				MARKETING_VERSION = 1.0;
				OTHER_LDFLAGS = (
					"$(inherited)",
					"-ObjC",
					"-lc++",
				);
				PRODUCT_BUNDLE_IDENTIFIER = "org.reactjs.native.example.$(PRODUCT_NAME:rfc1034identifier)";
				PRODUCT_NAME = coffeAppLive;
				SWIFT_OPTIMIZATION_LEVEL = "-Onone";
				SWIFT_VERSION = 5.0;
				VERSIONING_SYSTEM = "apple-generic";
			};
			name = Debug;
		};
		13B07F951A680F5B00A75B9A /* Release */ = {
			isa = XCBuildConfiguration;
			baseConfigurationReference = 5709B34CF0A7D63546082F79 /* Pods-coffeAppLive.release.xcconfig */;
			buildSettings = {
				ASSETCATALOG_COMPILER_APPICON_NAME = AppIcon;
				CLANG_ENABLE_MODULES = YES;
				CURRENT_PROJECT_VERSION = 1;
				INFOPLIST_FILE = coffeAppLive/Info.plist;
				LD_RUNPATH_SEARCH_PATHS = (
					"$(inherited)",
					"@executable_path/Frameworks",
				);
				MARKETING_VERSION = 1.0;
				OTHER_LDFLAGS = (
					"$(inherited)",
					"-ObjC",
					"-lc++",
				);
				PRODUCT_BUNDLE_IDENTIFIER = "org.reactjs.native.example.$(PRODUCT_NAME:rfc1034identifier)";
				PRODUCT_NAME = coffeAppLive;
				SWIFT_VERSION = 5.0;
				VERSIONING_SYSTEM = "apple-generic";
			};
			name = Release;
		};
		83CBBA201A601CBA00E9B192 /* Debug */ = {
			isa = XCBuildConfiguration;
			buildSettings = {
				ALWAYS_SEARCH_USER_PATHS = NO;
				CLANG_ANALYZER_LOCALIZABILITY_NONLOCALIZED = YES;
				CLANG_CXX_LANGUAGE_STANDARD = "c++20";
				CLANG_CXX_LIBRARY = "libc++";
				CLANG_ENABLE_MODULES = YES;
				CLANG_ENABLE_OBJC_ARC = YES;
				CLANG_WARN_BLOCK_CAPTURE_AUTORELEASING = YES;
				CLANG_WARN_BOOL_CONVERSION = YES;
				CLANG_WARN_COMMA = YES;
				CLANG_WARN_CONSTANT_CONVERSION = YES;
				CLANG_WARN_DEPRECATED_OBJC_IMPLEMENTATIONS = YES;
				CLANG_WARN_DIRECT_OBJC_ISA_USAGE = YES_ERROR;
				CLANG_WARN_EMPTY_BODY = YES;
				CLANG_WARN_ENUM_CONVERSION = YES;
				CLANG_WARN_INFINITE_RECURSION = YES;
				CLANG_WARN_INT_CONVERSION = YES;
				CLANG_WARN_NON_LITERAL_NULL_CONVERSION = YES;
				CLANG_WARN_OBJC_IMPLICIT_RETAIN_SELF = YES;
				CLANG_WARN_OBJC_LITERAL_CONVERSION = YES;
				CLANG_WARN_OBJC_ROOT_CLASS = YES_ERROR;
				CLANG_WARN_QUOTED_INCLUDE_IN_FRAMEWORK_HEADER = YES;
				CLANG_WARN_RANGE_LOOP_ANALYSIS = YES;
				CLANG_WARN_STRICT_PROTOTYPES = YES;
				CLANG_WARN_SUSPICIOUS_MOVE = YES;
				CLANG_WARN_UNREACHABLE_CODE = YES;
				CLANG_WARN__DUPLICATE_METHOD_MATCH = YES;
				"CODE_SIGN_IDENTITY[sdk=iphoneos*]" = "iPhone Developer";
				COPY_PHASE_STRIP = NO;
				ENABLE_STRICT_OBJC_MSGSEND = YES;
				ENABLE_TESTABILITY = YES;
				"EXCLUDED_ARCHS[sdk=iphonesimulator*]" = i386;
				GCC_C_LANGUAGE_STANDARD = gnu99;
				GCC_DYNAMIC_NO_PIC = NO;
				GCC_NO_COMMON_BLOCKS = YES;
				GCC_OPTIMIZATION_LEVEL = 0;
				GCC_PREPROCESSOR_DEFINITIONS = (
					"DEBUG=1",
					"$(inherited)",
				);
				GCC_SYMBOLS_PRIVATE_EXTERN = NO;
				GCC_WARN_64_TO_32_BIT_CONVERSION = YES;
				GCC_WARN_ABOUT_RETURN_TYPE = YES_ERROR;
				GCC_WARN_UNDECLARED_SELECTOR = YES;
				GCC_WARN_UNINITIALIZED_AUTOS = YES_AGGRESSIVE;
				GCC_WARN_UNUSED_FUNCTION = YES;
				GCC_WARN_UNUSED_VARIABLE = YES;
				IPHONEOS_DEPLOYMENT_TARGET = 13.4;
				LD_RUNPATH_SEARCH_PATHS = (
					/usr/lib/swift,
					"$(inherited)",
				);
				LIBRARY_SEARCH_PATHS = (
					"\"$(SDKROOT)/usr/lib/swift\"",
					"\"$(TOOLCHAIN_DIR)/usr/lib/swift/$(PLATFORM_NAME)\"",
					"\"$(inherited)\"",
				);
				MTL_ENABLE_DEBUG_INFO = YES;
				ONLY_ACTIVE_ARCH = YES;
				OTHER_CFLAGS = "$(inherited)";
				OTHER_CPLUSPLUSFLAGS = (
					"$(OTHER_CFLAGS)",
					"-DFOLLY_NO_CONFIG",
					"-DFOLLY_MOBILE=1",
					"-DFOLLY_USE_LIBCPP=1",
					"-DFOLLY_CFG_NO_COROUTINES=1",
				);
				OTHER_LDFLAGS = (
					"$(inherited)",
					"-Wl",
					"-ld_classic",
				);
				REACT_NATIVE_PATH = "${PODS_ROOT}/../../node_modules/react-native";
				SDKROOT = iphoneos;
				USE_HERMES = true;
			};
			name = Debug;
		};
		83CBBA211A601CBA00E9B192 /* Release */ = {
			isa = XCBuildConfiguration;
			buildSettings = {
				ALWAYS_SEARCH_USER_PATHS = NO;
				CLANG_ANALYZER_LOCALIZABILITY_NONLOCALIZED = YES;
				CLANG_CXX_LANGUAGE_STANDARD = "c++20";
				CLANG_CXX_LIBRARY = "libc++";
				CLANG_ENABLE_MODULES = YES;
				CLANG_ENABLE_OBJC_ARC = YES;
				CLANG_WARN_BLOCK_CAPTURE_AUTORELEASING = YES;
				CLANG_WARN_BOOL_CONVERSION = YES;
				CLANG_WARN_COMMA = YES;
				CLANG_WARN_CONSTANT_CONVERSION = YES;
				CLANG_WARN_DEPRECATED_OBJC_IMPLEMENTATIONS = YES;
				CLANG_WARN_DIRECT_OBJC_ISA_USAGE = YES_ERROR;
				CLANG_WARN_EMPTY_BODY = YES;
				CLANG_WARN_ENUM_CONVERSION = YES;
				CLANG_WARN_INFINITE_RECURSION = YES;
				CLANG_WARN_INT_CONVERSION = YES;
				CLANG_WARN_NON_LITERAL_NULL_CONVERSION = YES;
				CLANG_WARN_OBJC_IMPLICIT_RETAIN_SELF = YES;
				CLANG_WARN_OBJC_LITERAL_CONVERSION = YES;
				CLANG_WARN_OBJC_ROOT_CLASS = YES_ERROR;
				CLANG_WARN_QUOTED_INCLUDE_IN_FRAMEWORK_HEADER = YES;
				CLANG_WARN_RANGE_LOOP_ANALYSIS = YES;
				CLANG_WARN_STRICT_PROTOTYPES = YES;
				CLANG_WARN_SUSPICIOUS_MOVE = YES;
				CLANG_WARN_UNREACHABLE_CODE = YES;
				CLANG_WARN__DUPLICATE_METHOD_MATCH = YES;
				"CODE_SIGN_IDENTITY[sdk=iphoneos*]" = "iPhone Developer";
				COPY_PHASE_STRIP = YES;
				ENABLE_NS_ASSERTIONS = NO;
				ENABLE_STRICT_OBJC_MSGSEND = YES;
				"EXCLUDED_ARCHS[sdk=iphonesimulator*]" = i386;
				GCC_C_LANGUAGE_STANDARD = gnu99;
				GCC_NO_COMMON_BLOCKS = YES;
				GCC_WARN_64_TO_32_BIT_CONVERSION = YES;
				GCC_WARN_ABOUT_RETURN_TYPE = YES_ERROR;
				GCC_WARN_UNDECLARED_SELECTOR = YES;
				GCC_WARN_UNINITIALIZED_AUTOS = YES_AGGRESSIVE;
				GCC_WARN_UNUSED_FUNCTION = YES;
				GCC_WARN_UNUSED_VARIABLE = YES;
				IPHONEOS_DEPLOYMENT_TARGET = 13.4;
				LD_RUNPATH_SEARCH_PATHS = (
					/usr/lib/swift,
					"$(inherited)",
				);
				LIBRARY_SEARCH_PATHS = (
					"\"$(SDKROOT)/usr/lib/swift\"",
					"\"$(TOOLCHAIN_DIR)/usr/lib/swift/$(PLATFORM_NAME)\"",
					"\"$(inherited)\"",
				);
				MTL_ENABLE_DEBUG_INFO = NO;
				OTHER_CFLAGS = "$(inherited)";
				OTHER_CPLUSPLUSFLAGS = (
					"$(OTHER_CFLAGS)",
					"-DFOLLY_NO_CONFIG",
					"-DFOLLY_MOBILE=1",
					"-DFOLLY_USE_LIBCPP=1",
					"-DFOLLY_CFG_NO_COROUTINES=1",
				);
				OTHER_LDFLAGS = (
					"$(inherited)",
					"-Wl",
					"-ld_classic",
				);
				REACT_NATIVE_PATH = "${PODS_ROOT}/../../node_modules/react-native";
				SDKROOT = iphoneos;
				USE_HERMES = true;
				VALIDATE_PRODUCT = YES;
			};
			name = Release;
		};
/* End XCBuildConfiguration section */

/* Begin XCConfigurationList section */
		00E357021AD99517003FC87E /* Build configuration list for PBXNativeTarget "coffeAppLiveTests" */ = {
			isa = XCConfigurationList;
			buildConfigurations = (
				00E356F61AD99517003FC87E /* Debug */,
				00E356F71AD99517003FC87E /* Release */,
			);
			defaultConfigurationIsVisible = 0;
			defaultConfigurationName = Release;
		};
		13B07F931A680F5B00A75B9A /* Build configuration list for PBXNativeTarget "coffeAppLive" */ = {
			isa = XCConfigurationList;
			buildConfigurations = (
				13B07F941A680F5B00A75B9A /* Debug */,
				13B07F951A680F5B00A75B9A /* Release */,
			);
			defaultConfigurationIsVisible = 0;
			defaultConfigurationName = Release;
		};
		83CBB9FA1A601CBA00E9B192 /* Build configuration list for PBXProject "coffeAppLive" */ = {
			isa = XCConfigurationList;
			buildConfigurations = (
				83CBBA201A601CBA00E9B192 /* Debug */,
				83CBBA211A601CBA00E9B192 /* Release */,
			);
			defaultConfigurationIsVisible = 0;
			defaultConfigurationName = Release;
		};
/* End XCConfigurationList section */
	};
	rootObject = 83CBB9F71A601CBA00E9B192 /* Project object */;
}
